
Microsoft Visual Studio Solution File, Format Version 12.00
# Visual Studio Version 16
VisualStudioVersion = 16.0.30225.117
MinimumVisualStudioVersion = 10.0.40219.1
Project("{9A19103F-16F7-4668-BE54-9A1E7A4F7556}") = "Messages", "Messages\Messages.csproj", "{7E8B9604-1E5C-4E8B-B9CE-CE414E406C28}"
EndProject
Project("{2150E333-8FDC-42A3-9474-1A3956D46DE8}") = "Lender", "Lender", "{F400345A-B785-4BBC-8203-A30A53FD10B3}"
EndProject
Project("{9A19103F-16F7-4668-BE54-9A1E7A4F7556}") = "Lendings.Data", "Lender.Data\Lendings.Data.csproj", "{788FD8E1-1B05-4DBA-8575-48382A77C497}"
EndProject
Project("{2150E333-8FDC-42A3-9474-1A3956D46DE8}") = "Lending", "Lending", "{00670909-B736-45D2-B329-E760650A3F02}"
EndProject
Project("{9A19103F-16F7-4668-BE54-9A1E7A4F7556}") = "LendingsHandler", "LendingsHandler\LendingsHandler.csproj", "{AE4BAC66-CCDE-4078-89DF-6F3DACFDB947}"
EndProject
Project("{9A19103F-16F7-4668-BE54-9A1E7A4F7556}") = "Lending.Services", "LendingServices\Lending.Services.csproj", "{7DA18CE6-D95B-4DA9-83E7-ACD8BE6157AD}"
EndProject
Project("{9A19103F-16F7-4668-BE54-9A1E7A4F7556}") = "Lender.Service", "Lender.Service\Lender.Service.csproj", "{A8571047-A1B2-4AA7-A017-B4A1CE638C25}"
EndProject
Project("{9A19103F-16F7-4668-BE54-9A1E7A4F7556}") = "Lender.Data", "CustomerRepository\Lender.Data.csproj", "{338063FD-606C-45A1-A7A5-4D9950644575}"
EndProject
Project("{9A19103F-16F7-4668-BE54-9A1E7A4F7556}") = "Lender.Api", "Lender.Api\Lender.Api.csproj", "{A958170B-CEF8-4034-B1E0-F310E11701B6}"
EndProject
Project("{9A19103F-16F7-4668-BE54-9A1E7A4F7556}") = "Lending.Api", "Lending.Api\Lending.Api.csproj", "{673923C7-9131-4446-997E-C8046DB83940}"
EndProject
Global
	GlobalSection(SolutionConfigurationPlatforms) = preSolution
		Debug|Any CPU = Debug|Any CPU
		Release|Any CPU = Release|Any CPU
	EndGlobalSection
	GlobalSection(ProjectConfigurationPlatforms) = postSolution
		{7E8B9604-1E5C-4E8B-B9CE-CE414E406C28}.Debug|Any CPU.ActiveCfg = Debug|Any CPU
		{7E8B9604-1E5C-4E8B-B9CE-CE414E406C28}.Debug|Any CPU.Build.0 = Debug|Any CPU
		{7E8B9604-1E5C-4E8B-B9CE-CE414E406C28}.Release|Any CPU.ActiveCfg = Release|Any CPU
		{7E8B9604-1E5C-4E8B-B9CE-CE414E406C28}.Release|Any CPU.Build.0 = Release|Any CPU
		{788FD8E1-1B05-4DBA-8575-48382A77C497}.Debug|Any CPU.ActiveCfg = Debug|Any CPU
		{788FD8E1-1B05-4DBA-8575-48382A77C497}.Debug|Any CPU.Build.0 = Debug|Any CPU
		{788FD8E1-1B05-4DBA-8575-48382A77C497}.Release|Any CPU.ActiveCfg = Release|Any CPU
		{788FD8E1-1B05-4DBA-8575-48382A77C497}.Release|Any CPU.Build.0 = Release|Any CPU
		{AE4BAC66-CCDE-4078-89DF-6F3DACFDB947}.Debug|Any CPU.ActiveCfg = Debug|Any CPU
		{AE4BAC66-CCDE-4078-89DF-6F3DACFDB947}.Debug|Any CPU.Build.0 = Debug|Any CPU
		{AE4BAC66-CCDE-4078-89DF-6F3DACFDB947}.Release|Any CPU.ActiveCfg = Release|Any CPU
		{AE4BAC66-CCDE-4078-89DF-6F3DACFDB947}.Release|Any CPU.Build.0 = Release|Any CPU
		{7DA18CE6-D95B-4DA9-83E7-ACD8BE6157AD}.Debug|Any CPU.ActiveCfg = Debug|Any CPU
		{7DA18CE6-D95B-4DA9-83E7-ACD8BE6157AD}.Debug|Any CPU.Build.0 = Debug|Any CPU
		{7DA18CE6-D95B-4DA9-83E7-ACD8BE6157AD}.Release|Any CPU.ActiveCfg = Release|Any CPU
		{7DA18CE6-D95B-4DA9-83E7-ACD8BE6157AD}.Release|Any CPU.Build.0 = Release|Any CPU
		{A8571047-A1B2-4AA7-A017-B4A1CE638C25}.Debug|Any CPU.ActiveCfg = Debug|Any CPU
		{A8571047-A1B2-4AA7-A017-B4A1CE638C25}.Debug|Any CPU.Build.0 = Debug|Any CPU
		{A8571047-A1B2-4AA7-A017-B4A1CE638C25}.Release|Any CPU.ActiveCfg = Release|Any CPU
		{A8571047-A1B2-4AA7-A017-B4A1CE638C25}.Release|Any CPU.Build.0 = Release|Any CPU
		{338063FD-606C-45A1-A7A5-4D9950644575}.Debug|Any CPU.ActiveCfg = Debug|Any CPU
		{338063FD-606C-45A1-A7A5-4D9950644575}.Debug|Any CPU.Build.0 = Debug|Any CPU
		{338063FD-606C-45A1-A7A5-4D9950644575}.Release|Any CPU.ActiveCfg = Release|Any CPU
		{338063FD-606C-45A1-A7A5-4D9950644575}.Release|Any CPU.Build.0 = Release|Any CPU
		{A958170B-CEF8-4034-B1E0-F310E11701B6}.Debug|Any CPU.ActiveCfg = Debug|Any CPU
		{A958170B-CEF8-4034-B1E0-F310E11701B6}.Debug|Any CPU.Build.0 = Debug|Any CPU
		{A958170B-CEF8-4034-B1E0-F310E11701B6}.Release|Any CPU.ActiveCfg = Release|Any CPU
		{A958170B-CEF8-4034-B1E0-F310E11701B6}.Release|Any CPU.Build.0 = Release|Any CPU
		{673923C7-9131-4446-997E-C8046DB83940}.Debug|Any CPU.ActiveCfg = Debug|Any CPU
		{673923C7-9131-4446-997E-C8046DB83940}.Debug|Any CPU.Build.0 = Debug|Any CPU
		{673923C7-9131-4446-997E-C8046DB83940}.Release|Any CPU.ActiveCfg = Release|Any CPU
		{673923C7-9131-4446-997E-C8046DB83940}.Release|Any CPU.Build.0 = Release|Any CPU
	EndGlobalSection
	GlobalSection(SolutionProperties) = preSolution
		HideSolutionNode = FALSE
	EndGlobalSection
	GlobalSection(NestedProjects) = preSolution
		{788FD8E1-1B05-4DBA-8575-48382A77C497} = {00670909-B736-45D2-B329-E760650A3F02}
		{AE4BAC66-CCDE-4078-89DF-6F3DACFDB947} = {00670909-B736-45D2-B329-E760650A3F02}
		{7DA18CE6-D95B-4DA9-83E7-ACD8BE6157AD} = {00670909-B736-45D2-B329-E760650A3F02}
		{A8571047-A1B2-4AA7-A017-B4A1CE638C25} = {F400345A-B785-4BBC-8203-A30A53FD10B3}
		{338063FD-606C-45A1-A7A5-4D9950644575} = {F400345A-B785-4BBC-8203-A30A53FD10B3}
		{A958170B-CEF8-4034-B1E0-F310E11701B6} = {F400345A-B785-4BBC-8203-A30A53FD10B3}
		{673923C7-9131-4446-997E-C8046DB83940} = {00670909-B736-45D2-B329-E760650A3F02}
	EndGlobalSection
	GlobalSection(ExtensibilityGlobals) = postSolution
		SolutionGuid = {C0283A79-DD3A-428D-8AA6-D2D3645ED281}
	EndGlobalSection
EndGlobal
